
Microsoft Visual Studio Solution File, Format Version 12.00
# Visual Studio 15
VisualStudioVersion = 15.0.34729.27
MinimumVisualStudioVersion = 10.0.40219.1
Project("{FAE04EC0-301F-11D3-BF4B-00C04F79EFBC}") = "加入末端逆解", "加入末端逆解\加入末端逆解.csproj", "{DEADE50A-4835-4C21-9014-D9F74ABFBC29}"
EndProject
Global
	GlobalSection(SolutionConfigurationPlatforms) = preSolution
		Debug|Any CPU = Debug|Any CPU
		Release|Any CPU = Release|Any CPU
	EndGlobalSection
	GlobalSection(ProjectConfigurationPlatforms) = postSolution
		{DEADE50A-4835-4C21-9014-D9F74ABFBC29}.Debug|Any CPU.ActiveCfg = Debug|Any CPU
		{DEADE50A-4835-4C21-9014-D9F74ABFBC29}.Debug|Any CPU.Build.0 = Debug|Any CPU
		{DEADE50A-4835-4C21-9014-D9F74ABFBC29}.Release|Any CPU.ActiveCfg = Release|Any CPU
		{DEADE50A-4835-4C21-9014-D9F74ABFBC29}.Release|Any CPU.Build.0 = Release|Any CPU
	EndGlobalSection
	GlobalSection(SolutionProperties) = preSolution
		HideSolutionNode = FALSE
	EndGlobalSection
	GlobalSection(ExtensibilityGlobals) = postSolution
		SolutionGuid = {E4BB0442-B105-440F-B59C-017A2544F701}
	EndGlobalSection
EndGlobal
